
Microsoft Visual Studio Solution File, Format Version 12.00
# Visual Studio Version 17
VisualStudioVersion = 17.7.34024.191
MinimumVisualStudioVersion = 10.0.40219.1
Project("{FAE04EC0-301F-11D3-BF4B-00C04F79EFBC}") = "laba1", "laba1\laba1.csproj", "{03CC7A33-A108-4B12-80A4-ACBFF388C7BB}"
EndProject
Global
	GlobalSection(SolutionConfigurationPlatforms) = preSolution
		Debug|Any CPU = Debug|Any CPU
		Release|Any CPU = Release|Any CPU
	EndGlobalSection
	GlobalSection(ProjectConfigurationPlatforms) = postSolution
		{03CC7A33-A108-4B12-80A4-ACBFF388C7BB}.Debug|Any CPU.ActiveCfg = Debug|Any CPU
		{03CC7A33-A108-4B12-80A4-ACBFF388C7BB}.Debug|Any CPU.Build.0 = Debug|Any CPU
		{03CC7A33-A108-4B12-80A4-ACBFF388C7BB}.Release|Any CPU.ActiveCfg = Release|Any CPU
		{03CC7A33-A108-4B12-80A4-ACBFF388C7BB}.Release|Any CPU.Build.0 = Release|Any CPU
	EndGlobalSection
	GlobalSection(SolutionProperties) = preSolution
		HideSolutionNode = FALSE
	EndGlobalSection
	GlobalSection(ExtensibilityGlobals) = postSolution
		SolutionGuid = {FBF4A17D-A353-44EE-9760-7FE9F492AE7F}
	EndGlobalSection
EndGlobal
