
Microsoft Visual Studio Solution File, Format Version 12.00
# Visual Studio Version 17
VisualStudioVersion = 17.7.34024.191
MinimumVisualStudioVersion = 10.0.40219.1
Project("{FAE04EC0-301F-11D3-BF4B-00C04F79EFBC}") = "laba11", "laba11\laba11.csproj", "{997C2CD2-D116-40A5-9B29-29DB97B69774}"
EndProject
Global
	GlobalSection(SolutionConfigurationPlatforms) = preSolution
		Debug|Any CPU = Debug|Any CPU
		Release|Any CPU = Release|Any CPU
	EndGlobalSection
	GlobalSection(ProjectConfigurationPlatforms) = postSolution
		{997C2CD2-D116-40A5-9B29-29DB97B69774}.Debug|Any CPU.ActiveCfg = Debug|Any CPU
		{997C2CD2-D116-40A5-9B29-29DB97B69774}.Debug|Any CPU.Build.0 = Debug|Any CPU
		{997C2CD2-D116-40A5-9B29-29DB97B69774}.Release|Any CPU.ActiveCfg = Release|Any CPU
		{997C2CD2-D116-40A5-9B29-29DB97B69774}.Release|Any CPU.Build.0 = Release|Any CPU
	EndGlobalSection
	GlobalSection(SolutionProperties) = preSolution
		HideSolutionNode = FALSE
	EndGlobalSection
	GlobalSection(ExtensibilityGlobals) = postSolution
		SolutionGuid = {480F05A9-7C39-402E-A4AB-5CB5A56B6D9C}
	EndGlobalSection
EndGlobal
